<?xml version="1.0" encoding="UTF-8"?>
<!DOCTYPE plist PUBLIC "-//Apple//DTD PLIST 1.0//EN" "http://www.apple.com/DTDs/PropertyList-1.0.dtd">
<plist version="1.0">
<dict>
	<key>archiveVersion</key>
	<string>1</string>
	<key>classes</key>
	<dict/>
	<key>objectVersion</key>
	<string>46</string>
	<key>objects</key>
	<dict>
		<key>33FA976C7EF1460A89751B9B</key>
		<dict>
			<key>buildActionMask</key>
			<string>2147483647</string>
			<key>files</key>
			<array/>
			<key>inputPaths</key>
			<array/>
			<key>isa</key>
			<string>PBXShellScriptBuildPhase</string>
			<key>name</key>
			<string>Check Pods Manifest.lock</string>
			<key>outputPaths</key>
			<array/>
			<key>runOnlyForDeploymentPostprocessing</key>
			<string>0</string>
			<key>shellPath</key>
			<string>/bin/sh</string>
			<key>shellScript</key>
			<string>diff "${PODS_ROOT}/../Podfile.lock" "${PODS_ROOT}/Manifest.lock" &gt; /dev/null
if [[ $? != 0 ]] ; then
    cat &lt;&lt; EOM
error: The sandbox is not in sync with the Podfile.lock. Run 'pod install' or update your CocoaPods installation.
EOM
    exit 1
fi
</string>
			<key>showEnvVarsInLog</key>
			<string>0</string>
		</dict>
		<key>3B779D571802B3E5007207B0</key>
		<dict>
			<key>children</key>
			<array>
				<string>3B779D691802B3E5007207B0</string>
				<string>3B779D871802B3E5007207B0</string>
				<string>3B779D621802B3E5007207B0</string>
				<string>3B779D611802B3E5007207B0</string>
				<string>7FEFA1FBA80B4B6CAEBCD911</string>
			</array>
			<key>isa</key>
			<string>PBXGroup</string>
			<key>sourceTree</key>
			<string>&lt;group&gt;</string>
		</dict>
		<key>3B779D581802B3E5007207B0</key>
		<dict>
			<key>attributes</key>
			<dict>
				<key>LastUpgradeCheck</key>
				<string>0500</string>
				<key>ORGANIZATIONNAME</key>
				<string>ART+COM AG</string>
				<key>TargetAttributes</key>
				<dict>
					<key>3B779D801802B3E5007207B0</key>
					<dict>
						<key>TestTargetID</key>
						<string>3B779D5F1802B3E5007207B0</string>
					</dict>
				</dict>
			</dict>
			<key>buildConfigurationList</key>
			<string>3B779D5B1802B3E5007207B0</string>
			<key>compatibilityVersion</key>
			<string>Xcode 3.2</string>
			<key>developmentRegion</key>
			<string>English</string>
			<key>hasScannedForEncodings</key>
			<string>0</string>
			<key>isa</key>
			<string>PBXProject</string>
			<key>knownRegions</key>
			<array>
				<string>en</string>
				<string>Base</string>
			</array>
			<key>mainGroup</key>
			<string>3B779D571802B3E5007207B0</string>
			<key>productRefGroup</key>
			<string>3B779D611802B3E5007207B0</string>
			<key>projectDirPath</key>
			<string></string>
			<key>projectReferences</key>
			<array/>
			<key>projectRoot</key>
			<string></string>
			<key>targets</key>
			<array>
				<string>3B779D5F1802B3E5007207B0</string>
				<string>3B779D801802B3E5007207B0</string>
			</array>
		</dict>
		<key>3B779D5B1802B3E5007207B0</key>
		<dict>
			<key>buildConfigurations</key>
			<array>
				<string>3B779D8F1802B3E6007207B0</string>
				<string>3B779D901802B3E6007207B0</string>
			</array>
			<key>defaultConfigurationIsVisible</key>
			<string>0</string>
			<key>defaultConfigurationName</key>
			<string>Release</string>
			<key>isa</key>
			<string>XCConfigurationList</string>
		</dict>
		<key>3B779D5C1802B3E5007207B0</key>
		<dict>
			<key>buildActionMask</key>
			<string>2147483647</string>
			<key>files</key>
			<array>
				<string>3B779DAC1802B409007207B0</string>
				<string>3B779DA81802B409007207B0</string>
				<string>3B779DA71802B409007207B0</string>
				<string>3B779DA91802B409007207B0</string>
				<string>3B779DAD1802B409007207B0</string>
				<string>3B779DAB1802B409007207B0</string>
				<string>3B779D771802B3E5007207B0</string>
				<string>3B779DAA1802B409007207B0</string>
				<string>3B779D701802B3E5007207B0</string>
			</array>
			<key>isa</key>
			<string>PBXSourcesBuildPhase</string>
			<key>runOnlyForDeploymentPostprocessing</key>
			<string>0</string>
		</dict>
		<key>3B779D5D1802B3E5007207B0</key>
		<dict>
			<key>buildActionMask</key>
			<string>2147483647</string>
			<key>files</key>
			<array>
				<string>3B779D641802B3E5007207B0</string>
				<string>C4CE53EDCAE141E1919A292F</string>
			</array>
			<key>isa</key>
			<string>PBXFrameworksBuildPhase</string>
			<key>runOnlyForDeploymentPostprocessing</key>
			<string>0</string>
		</dict>
		<key>3B779D5E1802B3E5007207B0</key>
		<dict>
			<key>buildActionMask</key>
			<string>2147483647</string>
			<key>files</key>
			<array>
				<string>3B779D6E1802B3E5007207B0</string>
				<string>3B779D7C1802B3E5007207B0</string>
				<string>3B779D741802B3E5007207B0</string>
				<string>3B779D7A1802B3E5007207B0</string>
			</array>
			<key>isa</key>
			<string>PBXResourcesBuildPhase</string>
			<key>runOnlyForDeploymentPostprocessing</key>
			<string>0</string>
		</dict>
		<key>3B779D5F1802B3E5007207B0</key>
		<dict>
			<key>buildConfigurationList</key>
			<string>3B779D911802B3E6007207B0</string>
			<key>buildPhases</key>
			<array>
				<string>33FA976C7EF1460A89751B9B</string>
				<string>3B779D5C1802B3E5007207B0</string>
				<string>3B779D5D1802B3E5007207B0</string>
				<string>3B779D5E1802B3E5007207B0</string>
				<string>726D131AA3D440049D96773C</string>
			</array>
			<key>buildRules</key>
			<array/>
			<key>dependencies</key>
			<array/>
			<key>isa</key>
			<string>PBXNativeTarget</string>
			<key>name</key>
			<string>gom-client-demo_OSX</string>
			<key>productName</key>
			<string>gom-client-demo_OSX</string>
			<key>productReference</key>
			<string>3B779D601802B3E5007207B0</string>
			<key>productType</key>
			<string>com.apple.product-type.application</string>
		</dict>
		<key>3B779D601802B3E5007207B0</key>
		<dict>
			<key>explicitFileType</key>
			<string>wrapper.application</string>
			<key>includeInIndex</key>
			<string>0</string>
			<key>isa</key>
			<string>PBXFileReference</string>
			<key>path</key>
			<string>gom-client-demo_OSX.app</string>
			<key>sourceTree</key>
			<string>BUILT_PRODUCTS_DIR</string>
		</dict>
		<key>3B779D611802B3E5007207B0</key>
		<dict>
			<key>children</key>
			<array>
				<string>3B779D601802B3E5007207B0</string>
				<string>3B779D811802B3E5007207B0</string>
			</array>
			<key>isa</key>
			<string>PBXGroup</string>
			<key>name</key>
			<string>Products</string>
			<key>sourceTree</key>
			<string>&lt;group&gt;</string>
		</dict>
		<key>3B779D621802B3E5007207B0</key>
		<dict>
			<key>children</key>
			<array>
				<string>3B779D631802B3E5007207B0</string>
				<string>3B779D821802B3E5007207B0</string>
				<string>3B779D651802B3E5007207B0</string>
				<string>5ED166309D244897AADF5CC5</string>
			</array>
			<key>isa</key>
			<string>PBXGroup</string>
			<key>name</key>
			<string>Frameworks</string>
			<key>sourceTree</key>
			<string>&lt;group&gt;</string>
		</dict>
		<key>3B779D631802B3E5007207B0</key>
		<dict>
			<key>isa</key>
			<string>PBXFileReference</string>
			<key>lastKnownFileType</key>
			<string>wrapper.framework</string>
			<key>name</key>
			<string>Cocoa.framework</string>
			<key>path</key>
			<string>System/Library/Frameworks/Cocoa.framework</string>
			<key>sourceTree</key>
			<string>SDKROOT</string>
		</dict>
		<key>3B779D641802B3E5007207B0</key>
		<dict>
			<key>fileRef</key>
			<string>3B779D631802B3E5007207B0</string>
			<key>isa</key>
			<string>PBXBuildFile</string>
		</dict>
		<key>3B779D651802B3E5007207B0</key>
		<dict>
			<key>children</key>
			<array>
				<string>3B779D661802B3E5007207B0</string>
				<string>3B779D671802B3E5007207B0</string>
				<string>3B779D681802B3E5007207B0</string>
			</array>
			<key>isa</key>
			<string>PBXGroup</string>
			<key>name</key>
			<string>Other Frameworks</string>
			<key>sourceTree</key>
			<string>&lt;group&gt;</string>
		</dict>
		<key>3B779D661802B3E5007207B0</key>
		<dict>
			<key>isa</key>
			<string>PBXFileReference</string>
			<key>lastKnownFileType</key>
			<string>wrapper.framework</string>
			<key>name</key>
			<string>AppKit.framework</string>
			<key>path</key>
			<string>System/Library/Frameworks/AppKit.framework</string>
			<key>sourceTree</key>
			<string>SDKROOT</string>
		</dict>
		<key>3B779D671802B3E5007207B0</key>
		<dict>
			<key>isa</key>
			<string>PBXFileReference</string>
			<key>lastKnownFileType</key>
			<string>wrapper.framework</string>
			<key>name</key>
			<string>CoreData.framework</string>
			<key>path</key>
			<string>System/Library/Frameworks/CoreData.framework</string>
			<key>sourceTree</key>
			<string>SDKROOT</string>
		</dict>
		<key>3B779D681802B3E5007207B0</key>
		<dict>
			<key>isa</key>
			<string>PBXFileReference</string>
			<key>lastKnownFileType</key>
			<string>wrapper.framework</string>
			<key>name</key>
			<string>Foundation.framework</string>
			<key>path</key>
			<string>System/Library/Frameworks/Foundation.framework</string>
			<key>sourceTree</key>
			<string>SDKROOT</string>
		</dict>
		<key>3B779D691802B3E5007207B0</key>
		<dict>
			<key>children</key>
			<array>
				<string>3B779D971802B408007207B0</string>
				<string>3B779D751802B3E5007207B0</string>
				<string>3B779D761802B3E5007207B0</string>
				<string>3B779D781802B3E5007207B0</string>
				<string>3B779D7B1802B3E5007207B0</string>
				<string>3B779D6A1802B3E5007207B0</string>
			</array>
			<key>isa</key>
			<string>PBXGroup</string>
			<key>path</key>
			<string>gom-client-demo_OSX</string>
			<key>sourceTree</key>
			<string>&lt;group&gt;</string>
		</dict>
		<key>3B779D6A1802B3E5007207B0</key>
		<dict>
			<key>children</key>
			<array>
				<string>3B779D6B1802B3E5007207B0</string>
				<string>3B779D6C1802B3E5007207B0</string>
				<string>3B779D6F1802B3E5007207B0</string>
				<string>3B779D711802B3E5007207B0</string>
				<string>3B779D721802B3E5007207B0</string>
			</array>
			<key>isa</key>
			<string>PBXGroup</string>
			<key>name</key>
			<string>Supporting Files</string>
			<key>sourceTree</key>
			<string>&lt;group&gt;</string>
		</dict>
		<key>3B779D6B1802B3E5007207B0</key>
		<dict>
			<key>isa</key>
			<string>PBXFileReference</string>
			<key>lastKnownFileType</key>
			<string>text.plist.xml</string>
			<key>path</key>
			<string>gom-client-demo_OSX-Info.plist</string>
			<key>sourceTree</key>
			<string>&lt;group&gt;</string>
		</dict>
		<key>3B779D6C1802B3E5007207B0</key>
		<dict>
			<key>children</key>
			<array>
				<string>3B779D6D1802B3E5007207B0</string>
			</array>
			<key>isa</key>
			<string>PBXVariantGroup</string>
			<key>name</key>
			<string>InfoPlist.strings</string>
			<key>sourceTree</key>
			<string>&lt;group&gt;</string>
		</dict>
		<key>3B779D6D1802B3E5007207B0</key>
		<dict>
			<key>isa</key>
			<string>PBXFileReference</string>
			<key>lastKnownFileType</key>
			<string>text.plist.strings</string>
			<key>name</key>
			<string>en</string>
			<key>path</key>
			<string>en.lproj/InfoPlist.strings</string>
			<key>sourceTree</key>
			<string>&lt;group&gt;</string>
		</dict>
		<key>3B779D6E1802B3E5007207B0</key>
		<dict>
			<key>fileRef</key>
			<string>3B779D6C1802B3E5007207B0</string>
			<key>isa</key>
			<string>PBXBuildFile</string>
		</dict>
		<key>3B779D6F1802B3E5007207B0</key>
		<dict>
			<key>isa</key>
			<string>PBXFileReference</string>
			<key>lastKnownFileType</key>
			<string>sourcecode.c.objc</string>
			<key>path</key>
			<string>main.m</string>
			<key>sourceTree</key>
			<string>&lt;group&gt;</string>
		</dict>
		<key>3B779D701802B3E5007207B0</key>
		<dict>
			<key>fileRef</key>
			<string>3B779D6F1802B3E5007207B0</string>
			<key>isa</key>
			<string>PBXBuildFile</string>
		</dict>
		<key>3B779D711802B3E5007207B0</key>
		<dict>
			<key>isa</key>
			<string>PBXFileReference</string>
			<key>lastKnownFileType</key>
			<string>sourcecode.c.h</string>
			<key>path</key>
			<string>gom-client-demo_OSX-Prefix.pch</string>
			<key>sourceTree</key>
			<string>&lt;group&gt;</string>
		</dict>
		<key>3B779D721802B3E5007207B0</key>
		<dict>
			<key>children</key>
			<array>
				<string>3B779D731802B3E5007207B0</string>
			</array>
			<key>isa</key>
			<string>PBXVariantGroup</string>
			<key>name</key>
			<string>Credits.rtf</string>
			<key>sourceTree</key>
			<string>&lt;group&gt;</string>
		</dict>
		<key>3B779D731802B3E5007207B0</key>
		<dict>
			<key>isa</key>
			<string>PBXFileReference</string>
			<key>lastKnownFileType</key>
			<string>text.rtf</string>
			<key>name</key>
			<string>en</string>
			<key>path</key>
			<string>en.lproj/Credits.rtf</string>
			<key>sourceTree</key>
			<string>&lt;group&gt;</string>
		</dict>
		<key>3B779D741802B3E5007207B0</key>
		<dict>
			<key>fileRef</key>
			<string>3B779D721802B3E5007207B0</string>
			<key>isa</key>
			<string>PBXBuildFile</string>
		</dict>
		<key>3B779D751802B3E5007207B0</key>
		<dict>
			<key>isa</key>
			<string>PBXFileReference</string>
			<key>lastKnownFileType</key>
			<string>sourcecode.c.h</string>
			<key>path</key>
			<string>AppDelegate.h</string>
			<key>sourceTree</key>
			<string>&lt;group&gt;</string>
		</dict>
		<key>3B779D761802B3E5007207B0</key>
		<dict>
			<key>isa</key>
			<string>PBXFileReference</string>
			<key>lastKnownFileType</key>
			<string>sourcecode.c.objc</string>
			<key>path</key>
			<string>AppDelegate.m</string>
			<key>sourceTree</key>
			<string>&lt;group&gt;</string>
		</dict>
		<key>3B779D771802B3E5007207B0</key>
		<dict>
			<key>fileRef</key>
			<string>3B779D761802B3E5007207B0</string>
			<key>isa</key>
			<string>PBXBuildFile</string>
		</dict>
		<key>3B779D781802B3E5007207B0</key>
		<dict>
			<key>children</key>
			<array>
				<string>3B779D791802B3E5007207B0</string>
			</array>
			<key>isa</key>
			<string>PBXVariantGroup</string>
			<key>name</key>
			<string>MainMenu.xib</string>
			<key>sourceTree</key>
			<string>&lt;group&gt;</string>
		</dict>
		<key>3B779D791802B3E5007207B0</key>
		<dict>
			<key>isa</key>
			<string>PBXFileReference</string>
			<key>lastKnownFileType</key>
			<string>file.xib</string>
			<key>name</key>
			<string>Base</string>
			<key>path</key>
			<string>Base.lproj/MainMenu.xib</string>
			<key>sourceTree</key>
			<string>&lt;group&gt;</string>
		</dict>
		<key>3B779D7A1802B3E5007207B0</key>
		<dict>
			<key>fileRef</key>
			<string>3B779D781802B3E5007207B0</string>
			<key>isa</key>
			<string>PBXBuildFile</string>
		</dict>
		<key>3B779D7B1802B3E5007207B0</key>
		<dict>
			<key>isa</key>
			<string>PBXFileReference</string>
			<key>lastKnownFileType</key>
			<string>folder.assetcatalog</string>
			<key>path</key>
			<string>Images.xcassets</string>
			<key>sourceTree</key>
			<string>&lt;group&gt;</string>
		</dict>
		<key>3B779D7C1802B3E5007207B0</key>
		<dict>
			<key>fileRef</key>
			<string>3B779D7B1802B3E5007207B0</string>
			<key>isa</key>
			<string>PBXBuildFile</string>
		</dict>
		<key>3B779D7D1802B3E5007207B0</key>
		<dict>
			<key>buildActionMask</key>
			<string>2147483647</string>
			<key>files</key>
			<array>
				<string>3B779D8E1802B3E6007207B0</string>
			</array>
			<key>isa</key>
			<string>PBXSourcesBuildPhase</string>
			<key>runOnlyForDeploymentPostprocessing</key>
			<string>0</string>
		</dict>
		<key>3B779D7E1802B3E5007207B0</key>
		<dict>
			<key>buildActionMask</key>
			<string>2147483647</string>
			<key>files</key>
			<array>
				<string>3B779D841802B3E5007207B0</string>
				<string>3B779D831802B3E5007207B0</string>
			</array>
			<key>isa</key>
			<string>PBXFrameworksBuildPhase</string>
			<key>runOnlyForDeploymentPostprocessing</key>
			<string>0</string>
		</dict>
		<key>3B779D7F1802B3E5007207B0</key>
		<dict>
			<key>buildActionMask</key>
			<string>2147483647</string>
			<key>files</key>
			<array>
				<string>3B779D8C1802B3E6007207B0</string>
			</array>
			<key>isa</key>
			<string>PBXResourcesBuildPhase</string>
			<key>runOnlyForDeploymentPostprocessing</key>
			<string>0</string>
		</dict>
		<key>3B779D801802B3E5007207B0</key>
		<dict>
			<key>buildConfigurationList</key>
			<string>3B779D941802B3E6007207B0</string>
			<key>buildPhases</key>
			<array>
				<string>3B779D7D1802B3E5007207B0</string>
				<string>3B779D7E1802B3E5007207B0</string>
				<string>3B779D7F1802B3E5007207B0</string>
			</array>
			<key>buildRules</key>
			<array/>
			<key>dependencies</key>
			<array>
				<string>3B779D861802B3E5007207B0</string>
			</array>
			<key>isa</key>
			<string>PBXNativeTarget</string>
			<key>name</key>
			<string>gom-client-demo_OSXTests</string>
			<key>productName</key>
			<string>gom-client-demo_OSXTests</string>
			<key>productReference</key>
			<string>3B779D811802B3E5007207B0</string>
			<key>productType</key>
			<string>com.apple.product-type.bundle.unit-test</string>
		</dict>
		<key>3B779D811802B3E5007207B0</key>
		<dict>
			<key>explicitFileType</key>
			<string>wrapper.cfbundle</string>
			<key>includeInIndex</key>
			<string>0</string>
			<key>isa</key>
			<string>PBXFileReference</string>
			<key>path</key>
			<string>gom-client-demo_OSXTests.xctest</string>
			<key>sourceTree</key>
			<string>BUILT_PRODUCTS_DIR</string>
		</dict>
		<key>3B779D821802B3E5007207B0</key>
		<dict>
			<key>isa</key>
			<string>PBXFileReference</string>
			<key>lastKnownFileType</key>
			<string>wrapper.framework</string>
			<key>name</key>
			<string>XCTest.framework</string>
			<key>path</key>
			<string>Library/Frameworks/XCTest.framework</string>
			<key>sourceTree</key>
			<string>DEVELOPER_DIR</string>
		</dict>
		<key>3B779D831802B3E5007207B0</key>
		<dict>
			<key>fileRef</key>
			<string>3B779D821802B3E5007207B0</string>
			<key>isa</key>
			<string>PBXBuildFile</string>
		</dict>
		<key>3B779D841802B3E5007207B0</key>
		<dict>
			<key>fileRef</key>
			<string>3B779D631802B3E5007207B0</string>
			<key>isa</key>
			<string>PBXBuildFile</string>
		</dict>
		<key>3B779D851802B3E5007207B0</key>
		<dict>
			<key>containerPortal</key>
			<string>3B779D581802B3E5007207B0</string>
			<key>isa</key>
			<string>PBXContainerItemProxy</string>
			<key>proxyType</key>
			<string>1</string>
			<key>remoteGlobalIDString</key>
			<string>3B779D5F1802B3E5007207B0</string>
			<key>remoteInfo</key>
			<string>gom-client-demo_OSX</string>
		</dict>
		<key>3B779D861802B3E5007207B0</key>
		<dict>
			<key>isa</key>
			<string>PBXTargetDependency</string>
			<key>target</key>
			<string>3B779D5F1802B3E5007207B0</string>
			<key>targetProxy</key>
			<string>3B779D851802B3E5007207B0</string>
		</dict>
		<key>3B779D871802B3E5007207B0</key>
		<dict>
			<key>children</key>
			<array>
				<string>3B779D8D1802B3E6007207B0</string>
				<string>3B779D881802B3E6007207B0</string>
			</array>
			<key>isa</key>
			<string>PBXGroup</string>
			<key>path</key>
			<string>gom-client-demo_OSXTests</string>
			<key>sourceTree</key>
			<string>&lt;group&gt;</string>
		</dict>
		<key>3B779D881802B3E6007207B0</key>
		<dict>
			<key>children</key>
			<array>
				<string>3B779D891802B3E6007207B0</string>
				<string>3B779D8A1802B3E6007207B0</string>
			</array>
			<key>isa</key>
			<string>PBXGroup</string>
			<key>name</key>
			<string>Supporting Files</string>
			<key>sourceTree</key>
			<string>&lt;group&gt;</string>
		</dict>
		<key>3B779D891802B3E6007207B0</key>
		<dict>
			<key>isa</key>
			<string>PBXFileReference</string>
			<key>lastKnownFileType</key>
			<string>text.plist.xml</string>
			<key>path</key>
			<string>gom-client-demo_OSXTests-Info.plist</string>
			<key>sourceTree</key>
			<string>&lt;group&gt;</string>
		</dict>
		<key>3B779D8A1802B3E6007207B0</key>
		<dict>
			<key>children</key>
			<array>
				<string>3B779D8B1802B3E6007207B0</string>
			</array>
			<key>isa</key>
			<string>PBXVariantGroup</string>
			<key>name</key>
			<string>InfoPlist.strings</string>
			<key>sourceTree</key>
			<string>&lt;group&gt;</string>
		</dict>
		<key>3B779D8B1802B3E6007207B0</key>
		<dict>
			<key>isa</key>
			<string>PBXFileReference</string>
			<key>lastKnownFileType</key>
			<string>text.plist.strings</string>
			<key>name</key>
			<string>en</string>
			<key>path</key>
			<string>en.lproj/InfoPlist.strings</string>
			<key>sourceTree</key>
			<string>&lt;group&gt;</string>
		</dict>
		<key>3B779D8C1802B3E6007207B0</key>
		<dict>
			<key>fileRef</key>
			<string>3B779D8A1802B3E6007207B0</string>
			<key>isa</key>
			<string>PBXBuildFile</string>
		</dict>
		<key>3B779D8D1802B3E6007207B0</key>
		<dict>
			<key>isa</key>
			<string>PBXFileReference</string>
			<key>lastKnownFileType</key>
			<string>sourcecode.c.objc</string>
			<key>path</key>
			<string>gom_client_demo_OSXTests.m</string>
			<key>sourceTree</key>
			<string>&lt;group&gt;</string>
		</dict>
		<key>3B779D8E1802B3E6007207B0</key>
		<dict>
			<key>fileRef</key>
			<string>3B779D8D1802B3E6007207B0</string>
			<key>isa</key>
			<string>PBXBuildFile</string>
		</dict>
		<key>3B779D8F1802B3E6007207B0</key>
		<dict>
			<key>buildSettings</key>
			<dict>
				<key>ALWAYS_SEARCH_USER_PATHS</key>
				<string>NO</string>
				<key>CLANG_CXX_LANGUAGE_STANDARD</key>
				<string>gnu++0x</string>
				<key>CLANG_CXX_LIBRARY</key>
				<string>libc++</string>
				<key>CLANG_ENABLE_OBJC_ARC</key>
				<string>YES</string>
				<key>CLANG_WARN_BOOL_CONVERSION</key>
				<string>YES</string>
				<key>CLANG_WARN_CONSTANT_CONVERSION</key>
				<string>YES</string>
				<key>CLANG_WARN_DIRECT_OBJC_ISA_USAGE</key>
				<string>YES_ERROR</string>
				<key>CLANG_WARN_EMPTY_BODY</key>
				<string>YES</string>
				<key>CLANG_WARN_ENUM_CONVERSION</key>
				<string>YES</string>
				<key>CLANG_WARN_INT_CONVERSION</key>
				<string>YES</string>
				<key>CLANG_WARN_OBJC_ROOT_CLASS</key>
				<string>YES_ERROR</string>
				<key>CLANG_WARN__DUPLICATE_METHOD_MATCH</key>
				<string>YES</string>
				<key>COPY_PHASE_STRIP</key>
				<string>NO</string>
				<key>GCC_C_LANGUAGE_STANDARD</key>
				<string>gnu99</string>
				<key>GCC_DYNAMIC_NO_PIC</key>
				<string>NO</string>
				<key>GCC_ENABLE_OBJC_EXCEPTIONS</key>
				<string>YES</string>
				<key>GCC_OPTIMIZATION_LEVEL</key>
				<string>0</string>
				<key>GCC_PREPROCESSOR_DEFINITIONS</key>
				<array>
					<string>DEBUG=1</string>
					<string>$(inherited)</string>
				</array>
				<key>GCC_SYMBOLS_PRIVATE_EXTERN</key>
				<string>NO</string>
				<key>GCC_WARN_64_TO_32_BIT_CONVERSION</key>
				<string>YES</string>
				<key>GCC_WARN_ABOUT_RETURN_TYPE</key>
				<string>YES_ERROR</string>
				<key>GCC_WARN_UNDECLARED_SELECTOR</key>
				<string>YES</string>
				<key>GCC_WARN_UNINITIALIZED_AUTOS</key>
				<string>YES</string>
				<key>GCC_WARN_UNUSED_FUNCTION</key>
				<string>YES</string>
				<key>GCC_WARN_UNUSED_VARIABLE</key>
				<string>YES</string>
				<key>MACOSX_DEPLOYMENT_TARGET</key>
				<string>10.8</string>
				<key>ONLY_ACTIVE_ARCH</key>
				<string>YES</string>
				<key>SDKROOT</key>
				<string>macosx</string>
			</dict>
			<key>isa</key>
			<string>XCBuildConfiguration</string>
			<key>name</key>
			<string>Debug</string>
		</dict>
		<key>3B779D901802B3E6007207B0</key>
		<dict>
			<key>buildSettings</key>
			<dict>
				<key>ALWAYS_SEARCH_USER_PATHS</key>
				<string>NO</string>
				<key>CLANG_CXX_LANGUAGE_STANDARD</key>
				<string>gnu++0x</string>
				<key>CLANG_CXX_LIBRARY</key>
				<string>libc++</string>
				<key>CLANG_ENABLE_OBJC_ARC</key>
				<string>YES</string>
				<key>CLANG_WARN_BOOL_CONVERSION</key>
				<string>YES</string>
				<key>CLANG_WARN_CONSTANT_CONVERSION</key>
				<string>YES</string>
				<key>CLANG_WARN_DIRECT_OBJC_ISA_USAGE</key>
				<string>YES_ERROR</string>
				<key>CLANG_WARN_EMPTY_BODY</key>
				<string>YES</string>
				<key>CLANG_WARN_ENUM_CONVERSION</key>
				<string>YES</string>
				<key>CLANG_WARN_INT_CONVERSION</key>
				<string>YES</string>
				<key>CLANG_WARN_OBJC_ROOT_CLASS</key>
				<string>YES_ERROR</string>
				<key>CLANG_WARN__DUPLICATE_METHOD_MATCH</key>
				<string>YES</string>
				<key>COPY_PHASE_STRIP</key>
				<string>YES</string>
				<key>DEBUG_INFORMATION_FORMAT</key>
				<string>dwarf-with-dsym</string>
				<key>ENABLE_NS_ASSERTIONS</key>
				<string>NO</string>
				<key>GCC_C_LANGUAGE_STANDARD</key>
				<string>gnu99</string>
				<key>GCC_ENABLE_OBJC_EXCEPTIONS</key>
				<string>YES</string>
				<key>GCC_WARN_64_TO_32_BIT_CONVERSION</key>
				<string>YES</string>
				<key>GCC_WARN_ABOUT_RETURN_TYPE</key>
				<string>YES_ERROR</string>
				<key>GCC_WARN_UNDECLARED_SELECTOR</key>
				<string>YES</string>
				<key>GCC_WARN_UNINITIALIZED_AUTOS</key>
				<string>YES</string>
				<key>GCC_WARN_UNUSED_FUNCTION</key>
				<string>YES</string>
				<key>GCC_WARN_UNUSED_VARIABLE</key>
				<string>YES</string>
				<key>MACOSX_DEPLOYMENT_TARGET</key>
				<string>10.8</string>
				<key>SDKROOT</key>
				<string>macosx</string>
			</dict>
			<key>isa</key>
			<string>XCBuildConfiguration</string>
			<key>name</key>
			<string>Release</string>
		</dict>
		<key>3B779D911802B3E6007207B0</key>
		<dict>
			<key>buildConfigurations</key>
			<array>
				<string>3B779D921802B3E6007207B0</string>
				<string>3B779D931802B3E6007207B0</string>
			</array>
			<key>defaultConfigurationIsVisible</key>
			<string>0</string>
			<key>isa</key>
			<string>XCConfigurationList</string>
		</dict>
		<key>3B779D921802B3E6007207B0</key>
		<dict>
			<key>baseConfigurationReference</key>
			<string>7FEFA1FBA80B4B6CAEBCD911</string>
			<key>buildSettings</key>
			<dict>
				<key>ASSETCATALOG_COMPILER_APPICON_NAME</key>
				<string>AppIcon</string>
				<key>COMBINE_HIDPI_IMAGES</key>
				<string>YES</string>
				<key>GCC_PRECOMPILE_PREFIX_HEADER</key>
				<string>YES</string>
				<key>GCC_PREFIX_HEADER</key>
				<string>gom-client-demo_OSX/gom-client-demo_OSX-Prefix.pch</string>
				<key>INFOPLIST_FILE</key>
				<string>gom-client-demo_OSX/gom-client-demo_OSX-Info.plist</string>
				<key>PRODUCT_NAME</key>
				<string>$(TARGET_NAME)</string>
				<key>WRAPPER_EXTENSION</key>
				<string>app</string>
			</dict>
			<key>isa</key>
			<string>XCBuildConfiguration</string>
			<key>name</key>
			<string>Debug</string>
		</dict>
		<key>3B779D931802B3E6007207B0</key>
		<dict>
			<key>baseConfigurationReference</key>
			<string>7FEFA1FBA80B4B6CAEBCD911</string>
			<key>buildSettings</key>
			<dict>
				<key>ASSETCATALOG_COMPILER_APPICON_NAME</key>
				<string>AppIcon</string>
				<key>COMBINE_HIDPI_IMAGES</key>
				<string>YES</string>
				<key>GCC_PRECOMPILE_PREFIX_HEADER</key>
				<string>YES</string>
				<key>GCC_PREFIX_HEADER</key>
				<string>gom-client-demo_OSX/gom-client-demo_OSX-Prefix.pch</string>
				<key>INFOPLIST_FILE</key>
				<string>gom-client-demo_OSX/gom-client-demo_OSX-Info.plist</string>
				<key>PRODUCT_NAME</key>
				<string>$(TARGET_NAME)</string>
				<key>WRAPPER_EXTENSION</key>
				<string>app</string>
			</dict>
			<key>isa</key>
			<string>XCBuildConfiguration</string>
			<key>name</key>
			<string>Release</string>
		</dict>
		<key>3B779D941802B3E6007207B0</key>
		<dict>
			<key>buildConfigurations</key>
			<array>
				<string>3B779D951802B3E6007207B0</string>
				<string>3B779D961802B3E6007207B0</string>
			</array>
			<key>defaultConfigurationIsVisible</key>
			<string>0</string>
			<key>isa</key>
			<string>XCConfigurationList</string>
		</dict>
		<key>3B779D951802B3E6007207B0</key>
		<dict>
			<key>buildSettings</key>
			<dict>
				<key>BUNDLE_LOADER</key>
				<string>$(BUILT_PRODUCTS_DIR)/gom-client-demo_OSX.app/Contents/MacOS/gom-client-demo_OSX</string>
				<key>COMBINE_HIDPI_IMAGES</key>
				<string>YES</string>
				<key>FRAMEWORK_SEARCH_PATHS</key>
				<array>
					<string>$(DEVELOPER_FRAMEWORKS_DIR)</string>
					<string>$(inherited)</string>
				</array>
				<key>GCC_PRECOMPILE_PREFIX_HEADER</key>
				<string>YES</string>
				<key>GCC_PREFIX_HEADER</key>
				<string>gom-client-demo_OSX/gom-client-demo_OSX-Prefix.pch</string>
				<key>GCC_PREPROCESSOR_DEFINITIONS</key>
				<array>
					<string>DEBUG=1</string>
					<string>$(inherited)</string>
				</array>
				<key>INFOPLIST_FILE</key>
				<string>gom-client-demo_OSXTests/gom-client-demo_OSXTests-Info.plist</string>
				<key>PRODUCT_NAME</key>
				<string>$(TARGET_NAME)</string>
				<key>TEST_HOST</key>
				<string>$(BUNDLE_LOADER)</string>
				<key>WRAPPER_EXTENSION</key>
				<string>xctest</string>
			</dict>
			<key>isa</key>
			<string>XCBuildConfiguration</string>
			<key>name</key>
			<string>Debug</string>
		</dict>
		<key>3B779D961802B3E6007207B0</key>
		<dict>
			<key>buildSettings</key>
			<dict>
				<key>BUNDLE_LOADER</key>
				<string>$(BUILT_PRODUCTS_DIR)/gom-client-demo_OSX.app/Contents/MacOS/gom-client-demo_OSX</string>
				<key>COMBINE_HIDPI_IMAGES</key>
				<string>YES</string>
				<key>FRAMEWORK_SEARCH_PATHS</key>
				<array>
					<string>$(DEVELOPER_FRAMEWORKS_DIR)</string>
					<string>$(inherited)</string>
				</array>
				<key>GCC_PRECOMPILE_PREFIX_HEADER</key>
				<string>YES</string>
				<key>GCC_PREFIX_HEADER</key>
				<string>gom-client-demo_OSX/gom-client-demo_OSX-Prefix.pch</string>
				<key>INFOPLIST_FILE</key>
				<string>gom-client-demo_OSXTests/gom-client-demo_OSXTests-Info.plist</string>
				<key>PRODUCT_NAME</key>
				<string>$(TARGET_NAME)</string>
				<key>TEST_HOST</key>
				<string>$(BUNDLE_LOADER)</string>
				<key>WRAPPER_EXTENSION</key>
				<string>xctest</string>
			</dict>
			<key>isa</key>
			<string>XCBuildConfiguration</string>
			<key>name</key>
			<string>Release</string>
		</dict>
		<key>3B779D971802B408007207B0</key>
		<dict>
			<key>children</key>
			<array>
				<string>3B779D981802B408007207B0</string>
				<string>3B779D991802B408007207B0</string>
				<string>3B779D9A1802B408007207B0</string>
				<string>3B779D9B1802B408007207B0</string>
				<string>3B779D9C1802B409007207B0</string>
				<string>3B779D9D1802B409007207B0</string>
				<string>3B779D9E1802B409007207B0</string>
				<string>3B779D9F1802B409007207B0</string>
				<string>3B779DA01802B409007207B0</string>
				<string>3B779DA11802B409007207B0</string>
				<string>3B779DA21802B409007207B0</string>
				<string>3B779DA31802B409007207B0</string>
				<string>3B779DA41802B409007207B0</string>
				<string>3B779DA51802B409007207B0</string>
				<string>3B779DA61802B409007207B0</string>
			</array>
			<key>isa</key>
			<string>PBXGroup</string>
			<key>name</key>
			<string>gom-client-objc</string>
			<key>path</key>
			<string>../../../gom-client-objc</string>
			<key>sourceTree</key>
			<string>&lt;group&gt;</string>
		</dict>
		<key>3B779D981802B408007207B0</key>
		<dict>
			<key>fileEncoding</key>
			<string>4</string>
			<key>isa</key>
			<string>PBXFileReference</string>
			<key>lastKnownFileType</key>
			<string>sourcecode.c.h</string>
			<key>path</key>
			<string>GOMBinding.h</string>
			<key>sourceTree</key>
			<string>&lt;group&gt;</string>
		</dict>
		<key>3B779D991802B408007207B0</key>
		<dict>
			<key>fileEncoding</key>
			<string>4</string>
			<key>isa</key>
			<string>PBXFileReference</string>
			<key>lastKnownFileType</key>
			<string>sourcecode.c.objc</string>
			<key>path</key>
			<string>GOMBinding.m</string>
			<key>sourceTree</key>
			<string>&lt;group&gt;</string>
		</dict>
		<key>3B779D9A1802B408007207B0</key>
		<dict>
			<key>fileEncoding</key>
			<string>4</string>
			<key>isa</key>
			<string>PBXFileReference</string>
			<key>lastKnownFileType</key>
			<string>sourcecode.c.h</string>
			<key>path</key>
			<string>GomClient.h</string>
			<key>sourceTree</key>
			<string>&lt;group&gt;</string>
		</dict>
		<key>3B779D9B1802B408007207B0</key>
		<dict>
			<key>fileEncoding</key>
			<string>4</string>
			<key>isa</key>
			<string>PBXFileReference</string>
			<key>lastKnownFileType</key>
			<string>sourcecode.c.objc</string>
			<key>path</key>
			<string>GomClient.m</string>
			<key>sourceTree</key>
			<string>&lt;group&gt;</string>
		</dict>
		<key>3B779D9C1802B409007207B0</key>
		<dict>
			<key>fileEncoding</key>
			<string>4</string>
			<key>isa</key>
			<string>PBXFileReference</string>
			<key>lastKnownFileType</key>
			<string>sourcecode.c.h</string>
			<key>path</key>
			<string>GOMClientDelegate.h</string>
			<key>sourceTree</key>
			<string>&lt;group&gt;</string>
		</dict>
		<key>3B779D9D1802B409007207B0</key>
		<dict>
			<key>fileEncoding</key>
			<string>4</string>
			<key>isa</key>
			<string>PBXFileReference</string>
			<key>lastKnownFileType</key>
			<string>sourcecode.c.h</string>
			<key>path</key>
			<string>GOMHandle.h</string>
			<key>sourceTree</key>
			<string>&lt;group&gt;</string>
		</dict>
		<key>3B779D9E1802B409007207B0</key>
		<dict>
			<key>fileEncoding</key>
			<string>4</string>
			<key>isa</key>
			<string>PBXFileReference</string>
			<key>lastKnownFileType</key>
			<string>sourcecode.c.objc</string>
			<key>path</key>
			<string>GOMHandle.m</string>
			<key>sourceTree</key>
			<string>&lt;group&gt;</string>
		</dict>
		<key>3B779D9F1802B409007207B0</key>
		<dict>
			<key>fileEncoding</key>
			<string>4</string>
			<key>isa</key>
			<string>PBXFileReference</string>
			<key>lastKnownFileType</key>
			<string>sourcecode.c.h</string>
			<key>path</key>
			<string>NSData+JSON.h</string>
			<key>sourceTree</key>
			<string>&lt;group&gt;</string>
		</dict>
		<key>3B779DA01802B409007207B0</key>
		<dict>
			<key>fileEncoding</key>
			<string>4</string>
			<key>isa</key>
			<string>PBXFileReference</string>
			<key>lastKnownFileType</key>
			<string>sourcecode.c.objc</string>
			<key>path</key>
			<string>NSData+JSON.m</string>
			<key>sourceTree</key>
			<string>&lt;group&gt;</string>
		</dict>
		<key>3B779DA11802B409007207B0</key>
		<dict>
			<key>fileEncoding</key>
			<string>4</string>
			<key>isa</key>
			<string>PBXFileReference</string>
			<key>lastKnownFileType</key>
			<string>sourcecode.c.h</string>
			<key>path</key>
			<string>NSDictionary+JSON.h</string>
			<key>sourceTree</key>
			<string>&lt;group&gt;</string>
		</dict>
		<key>3B779DA21802B409007207B0</key>
		<dict>
			<key>fileEncoding</key>
			<string>4</string>
			<key>isa</key>
			<string>PBXFileReference</string>
			<key>lastKnownFileType</key>
			<string>sourcecode.c.objc</string>
			<key>path</key>
			<string>NSDictionary+JSON.m</string>
			<key>sourceTree</key>
			<string>&lt;group&gt;</string>
		</dict>
		<key>3B779DA31802B409007207B0</key>
		<dict>
			<key>fileEncoding</key>
			<string>4</string>
			<key>isa</key>
			<string>PBXFileReference</string>
			<key>lastKnownFileType</key>
			<string>sourcecode.c.h</string>
			<key>path</key>
			<string>NSDictionary+XML.h</string>
			<key>sourceTree</key>
			<string>&lt;group&gt;</string>
		</dict>
		<key>3B779DA41802B409007207B0</key>
		<dict>
			<key>fileEncoding</key>
			<string>4</string>
			<key>isa</key>
			<string>PBXFileReference</string>
			<key>lastKnownFileType</key>
			<string>sourcecode.c.objc</string>
			<key>path</key>
			<string>NSDictionary+XML.m</string>
			<key>sourceTree</key>
			<string>&lt;group&gt;</string>
		</dict>
		<key>3B779DA51802B409007207B0</key>
		<dict>
			<key>fileEncoding</key>
			<string>4</string>
			<key>isa</key>
			<string>PBXFileReference</string>
			<key>lastKnownFileType</key>
			<string>sourcecode.c.h</string>
			<key>path</key>
			<string>NSString+JSON.h</string>
			<key>sourceTree</key>
			<string>&lt;group&gt;</string>
		</dict>
		<key>3B779DA61802B409007207B0</key>
		<dict>
			<key>fileEncoding</key>
			<string>4</string>
			<key>isa</key>
			<string>PBXFileReference</string>
			<key>lastKnownFileType</key>
			<string>sourcecode.c.objc</string>
			<key>path</key>
			<string>NSString+JSON.m</string>
			<key>sourceTree</key>
			<string>&lt;group&gt;</string>
		</dict>
		<key>3B779DA71802B409007207B0</key>
		<dict>
			<key>fileRef</key>
			<string>3B779D991802B408007207B0</string>
			<key>isa</key>
			<string>PBXBuildFile</string>
		</dict>
		<key>3B779DA81802B409007207B0</key>
		<dict>
			<key>fileRef</key>
			<string>3B779D9B1802B408007207B0</string>
			<key>isa</key>
			<string>PBXBuildFile</string>
		</dict>
		<key>3B779DA91802B409007207B0</key>
		<dict>
			<key>fileRef</key>
			<string>3B779D9E1802B409007207B0</string>
			<key>isa</key>
			<string>PBXBuildFile</string>
		</dict>
		<key>3B779DAA1802B409007207B0</key>
		<dict>
			<key>fileRef</key>
			<string>3B779DA01802B409007207B0</string>
			<key>isa</key>
			<string>PBXBuildFile</string>
		</dict>
		<key>3B779DAB1802B409007207B0</key>
		<dict>
			<key>fileRef</key>
			<string>3B779DA21802B409007207B0</string>
			<key>isa</key>
			<string>PBXBuildFile</string>
		</dict>
		<key>3B779DAC1802B409007207B0</key>
		<dict>
			<key>fileRef</key>
			<string>3B779DA41802B409007207B0</string>
			<key>isa</key>
			<string>PBXBuildFile</string>
		</dict>
		<key>3B779DAD1802B409007207B0</key>
		<dict>
			<key>fileRef</key>
			<string>3B779DA61802B409007207B0</string>
			<key>isa</key>
			<string>PBXBuildFile</string>
		</dict>
		<key>5ED166309D244897AADF5CC5</key>
		<dict>
			<key>explicitFileType</key>
			<string>archive.ar</string>
			<key>includeInIndex</key>
			<string>0</string>
			<key>isa</key>
			<string>PBXFileReference</string>
			<key>path</key>
			<string>libPods.a</string>
			<key>sourceTree</key>
			<string>BUILT_PRODUCTS_DIR</string>
		</dict>
		<key>726D131AA3D440049D96773C</key>
		<dict>
			<key>buildActionMask</key>
			<string>2147483647</string>
			<key>files</key>
			<array/>
			<key>inputPaths</key>
			<array/>
			<key>isa</key>
			<string>PBXShellScriptBuildPhase</string>
			<key>name</key>
			<string>Copy Pods Resources</string>
			<key>outputPaths</key>
			<array/>
			<key>runOnlyForDeploymentPostprocessing</key>
			<string>0</string>
			<key>shellPath</key>
			<string>/bin/sh</string>
			<key>shellScript</key>
			<string>"${SRCROOT}/Pods/Pods-resources.sh"
</string>
			<key>showEnvVarsInLog</key>
			<string>0</string>
		</dict>
		<key>7FEFA1FBA80B4B6CAEBCD911</key>
		<dict>
			<key>includeInIndex</key>
			<string>1</string>
			<key>isa</key>
			<string>PBXFileReference</string>
			<key>lastKnownFileType</key>
			<string>text.xcconfig</string>
			<key>name</key>
			<string>Pods.xcconfig</string>
			<key>path</key>
			<string>Pods/Pods.xcconfig</string>
			<key>sourceTree</key>
			<string>&lt;group&gt;</string>
		</dict>
		<key>C4CE53EDCAE141E1919A292F</key>
		<dict>
			<key>fileRef</key>
			<string>5ED166309D244897AADF5CC5</string>
			<key>isa</key>
			<string>PBXBuildFile</string>
		</dict>
	</dict>
	<key>rootObject</key>
	<string>3B779D581802B3E5007207B0</string>
</dict>
</plist>
